github.com/go-sql-driver/mysql v1.6.0 h1:BCTh4TKNUYmOmMUcQ3IipzF5prigylS7XXjEkfCHuOE=
github.com/go-sql-driver/mysql v1.6.0/go.mod h1:DCzpHaOWr8IXmIStZouvnhqoel9Qv2LBy8hT2VhHyBg=
github.com/noknow-hub/pkg-go/db/mysql/model/util v0.0.0-20211230133801-d1fda7a4c062 h1:rUHYkt8guq8UlPQCNBNPyPEwp72kASg4X2+Jc8SZjto=
github.com/noknow-hub/pkg-go/db/mysql/model/util v0.0.0-20211230133801-d1fda7a4c062/go.mod h1:5s4lj4Z3fQWuT3rm8MiZiKzuKvX5ngdDRT5JrgOeAqQ=
github.com/noknow-hub/pkg-go/db/mysql/query v0.1.0 h1:BuzbXt3mAYk1wrSuQexGQU8S5QrHmirYCIwoPU2d6XQ=
github.com/noknow-hub/pkg-go/db/mysql/query v0.1.0/go.mod h1:nffI8xQ9vIeqVNrcDHeHMLmCUUTKlL9iQ2W/37mHotU=
