github.com/go-sql-driver/mysql v1.6.0 h1:BCTh4TKNUYmOmMUcQ3IipzF5prigylS7XXjEkfCHuOE=
github.com/go-sql-driver/mysql v1.6.0/go.mod h1:DCzpHaOWr8IXmIStZouvnhqoel9Qv2LBy8hT2VhHyBg=
github.com/noknow-hub/pkg-go/db/mysql v0.1.2 h1:6uzESQtYEEUAfUwGQEsGpVhtmw7ohlfp3lFqIvIAFNA=
github.com/noknow-hub/pkg-go/db/mysql v0.1.2/go.mod h1:7PJ0BvHrNhu2T0nqcUy6N5DbF5d2nOQQm1mKN3VfBac=
