github.com/go-sql-driver/mysql v1.6.0 h1:BCTh4TKNUYmOmMUcQ3IipzF5prigylS7XXjEkfCHuOE=
github.com/go-sql-driver/mysql v1.6.0/go.mod h1:DCzpHaOWr8IXmIStZouvnhqoel9Qv2LBy8hT2VhHyBg=
github.com/noknow-hub/pkg-go v0.0.0-20211124174612-9fc6da68b583 h1:pOxAw6iToVeftsTNFPoldsbCkOtNx53DAO6FjD/Wgtg=
github.com/noknow-hub/pkg-go/db/mysql v0.0.0-20211124174612-9fc6da68b583 h1:rCSqnT623lLzGVzIGQbblJplbeAkuS81/7EWGmG/IuY=
