github.com/go-sql-driver/mysql v1.6.0 h1:BCTh4TKNUYmOmMUcQ3IipzF5prigylS7XXjEkfCHuOE=
github.com/go-sql-driver/mysql v1.6.0/go.mod h1:DCzpHaOWr8IXmIStZouvnhqoel9Qv2LBy8hT2VhHyBg=
github.com/noknow-hub/pkg-go v0.0.0-20211124110435-b32e23a9ca8c h1:+VVOhqU/WjnGjWjCQ/BF/Ht7kJbqKc/RAYlVxZL6VF8=
github.com/noknow-hub/pkg-go v0.0.0-20211124174612-9fc6da68b583 h1:pOxAw6iToVeftsTNFPoldsbCkOtNx53DAO6FjD/Wgtg=
github.com/noknow-hub/pkg-go v0.0.1 h1:m16sV1qIqVIbgVOxGqRDZXOHfntwVnOybyfJxsOlsOg=
github.com/noknow-hub/pkg-go/db/mysql v0.0.0-20211124110435-b32e23a9ca8c h1:V4B7wo7QL5/HFxX4IbTbSVnEyMG+8fcrakfpqVsSJeo=
github.com/noknow-hub/pkg-go/db/mysql v0.0.0-20211124110435-b32e23a9ca8c/go.mod h1:yVqIz2i8lTOkYBiT42E63Kf89o04bZuwupdoIEnSxKs=
github.com/noknow-hub/pkg-go/db/mysql v0.0.0-20211124174612-9fc6da68b583 h1:rCSqnT623lLzGVzIGQbblJplbeAkuS81/7EWGmG/IuY=
github.com/noknow-hub/pkg-go/db/mysql/query v0.0.0-20211124174612-9fc6da68b583 h1:AUG0DiXS/g5CdaLWLi9kmkeHp4QUpESuM4j9VHW/cxI=
github.com/noknow-hub/pkg-go/db/mysql/query v0.0.0-20211124174612-9fc6da68b583/go.mod h1:DbpY3fdptQR8gYUFizhuFwdF/P+8/IVmOU1uVBiQiu0=
