github.com/go-sql-driver/mysql v1.6.0 h1:BCTh4TKNUYmOmMUcQ3IipzF5prigylS7XXjEkfCHuOE=
github.com/go-sql-driver/mysql v1.6.0/go.mod h1:DCzpHaOWr8IXmIStZouvnhqoel9Qv2LBy8hT2VhHyBg=
github.com/noknow-hub/pkg-go/db/mysql v0.1.3 h1:aYNXZ7y3+yrfgxb7MAoi2suSwNfjW+dVVFO1hDd7skQ=
github.com/noknow-hub/pkg-go/db/mysql v0.1.3/go.mod h1:7PJ0BvHrNhu2T0nqcUy6N5DbF5d2nOQQm1mKN3VfBac=
github.com/noknow-hub/pkg-go/db/mysql/model/article v0.1.1 h1:PMtIKm5OnUQeQiIPfEaAXBwbG759SxTuIkCD/p1Bhmk=
github.com/noknow-hub/pkg-go/db/mysql/model/article v0.1.1/go.mod h1:Xk3cFhxXGYr3oYaaO2oz9ltG+7WhZxrKThFES5fNlUE=
github.com/noknow-hub/pkg-go/db/mysql/model/book v0.1.2 h1:2s024yLTIwNO46jUCQmMvzNyJjMv9WnwR70a9iSx+Uw=
github.com/noknow-hub/pkg-go/db/mysql/model/book v0.1.2/go.mod h1:9tCeafN/8s5b1NKNFV1w5o0Z0pniGAcfPO/EpC6nyWU=
